
Microsoft Visual Studio Solution File, Format Version 12.00
# Visual Studio Version 17
VisualStudioVersion = 17.4.33205.214
MinimumVisualStudioVersion = 10.0.40219.1
Project("{FAE04EC0-301F-11D3-BF4B-00C04F79EFBC}") = "PhotoBlog", "PhotoBlog\PhotoBlog.csproj", "{73AEE5E3-0CC2-4BCD-81CE-C8DA98DC107E}"
EndProject
Global
	GlobalSection(SolutionConfigurationPlatforms) = preSolution
		Debug|Any CPU = Debug|Any CPU
		Release|Any CPU = Release|Any CPU
	EndGlobalSection
	GlobalSection(ProjectConfigurationPlatforms) = postSolution
		{73AEE5E3-0CC2-4BCD-81CE-C8DA98DC107E}.Debug|Any CPU.ActiveCfg = Debug|Any CPU
		{73AEE5E3-0CC2-4BCD-81CE-C8DA98DC107E}.Debug|Any CPU.Build.0 = Debug|Any CPU
		{73AEE5E3-0CC2-4BCD-81CE-C8DA98DC107E}.Release|Any CPU.ActiveCfg = Release|Any CPU
		{73AEE5E3-0CC2-4BCD-81CE-C8DA98DC107E}.Release|Any CPU.Build.0 = Release|Any CPU
	EndGlobalSection
	GlobalSection(SolutionProperties) = preSolution
		HideSolutionNode = FALSE
	EndGlobalSection
	GlobalSection(ExtensibilityGlobals) = postSolution
		SolutionGuid = {5B6979EA-B59A-4DB3-A0EE-AE72979BD243}
	EndGlobalSection
EndGlobal
